{
  "version": 4,
  "terraform_version": "1.3.1",
  "serial": 23,
  "lineage": "530a1f73-e173-eb3c-0d98-4f28633011ca",
  "outputs": {
    "external_ip_address_vm_1": {
      "value": "51.250.82.245",
      "type": "string"
    },
    "internal_ip_address_vm_1": {
      "value": "192.168.10.27",
      "type": "string"
    }
  },
  "resources": [
    {
      "mode": "managed",
      "type": "yandex_compute_instance",
      "name": "vm-host1",
      "provider": "provider[\"registry.terraform.io/yandex-cloud/yandex\"]",
      "instances": [
        {
          "schema_version": 1,
          "attributes": {
            "allow_recreate": null,
            "allow_stopping_for_update": null,
            "boot_disk": [
              {
                "auto_delete": true,
                "device_name": "fhmos6supl4mm72rhja4",
                "disk_id": "fhmos6supl4mm72rhja4",
                "initialize_params": [
                  {
                    "block_size": 4096,
                    "description": "",
                    "image_id": "fd8smb7fj0o91i68s15v",
                    "name": "",
                    "size": 5,
                    "snapshot_id": "",
                    "type": "network-hdd"
                  }
                ],
                "mode": "READ_WRITE"
              }
            ],
            "created_at": "2022-12-14T08:39:23Z",
            "description": "",
            "folder_id": "b1gehnpggs4n9n5qtf52",
            "fqdn": "fhmjklbrgc3dsl8i7cse.auto.internal",
            "hostname": "",
            "id": "fhmjklbrgc3dsl8i7cse",
            "labels": null,
            "local_disk": [],
            "metadata": {
              "user-data": "#cloud-config\r\nusers:\r\n    - name: prokm\r\n      groups: sudo\r\n      shell: /bin/bash\r\n      sudo: ['ALL=(ALL) NOPASSWD:ALL']\r\n      ssh_authorized_keys:\r\n        - ssh-ed25519 AAAAC3NzaC1lZDI1NTE5AAAAILi0nneJO6KTvLm/p+8tLCtsg6eoNO34VXv+EI/0+je3 prokm@Dk452"
            },
            "name": "gp-host1",
            "network_acceleration_type": "standard",
            "network_interface": [
              {
                "dns_record": [],
                "index": 0,
                "ip_address": "192.168.10.9",
                "ipv4": true,
                "ipv6": false,
                "ipv6_address": "",
                "ipv6_dns_record": [],
                "mac_address": "d0:0d:13:a5:57:b8",
                "nat": false,
                "nat_dns_record": [],
                "nat_ip_address": "",
                "nat_ip_version": "",
                "security_group_ids": [],
                "subnet_id": "e9bob9p66p92oh9cha8j"
              }
            ],
            "placement_policy": [
              {
                "host_affinity_rules": [],
                "placement_group_id": ""
              }
            ],
            "platform_id": "standard-v1",
            "resources": [
              {
                "core_fraction": 100,
                "cores": 4,
                "gpus": 0,
                "memory": 4
              }
            ],
            "scheduling_policy": [
              {
                "preemptible": true
              }
            ],
            "secondary_disk": [],
            "service_account_id": "",
            "status": "running",
            "timeouts": null,
            "zone": "ru-central1-a"
          },
          "sensitive_attributes": [],
          "private": "eyJlMmJmYjczMC1lY2FhLTExZTYtOGY4OC0zNDM2M2JjN2M0YzAiOnsiY3JlYXRlIjozMDAwMDAwMDAwMDAsImRlbGV0ZSI6MzAwMDAwMDAwMDAwLCJ1cGRhdGUiOjMwMDAwMDAwMDAwMH0sInNjaGVtYV92ZXJzaW9uIjoiMSJ9",
          "dependencies": [
            "yandex_vpc_network.network-1",
            "yandex_vpc_subnet.subnet-1"
          ]
        }
      ]
    },
    {
      "mode": "managed",
      "type": "yandex_compute_instance",
      "name": "vm-host2",
      "provider": "provider[\"registry.terraform.io/yandex-cloud/yandex\"]",
      "instances": [
        {
          "schema_version": 1,
          "attributes": {
            "allow_recreate": null,
            "allow_stopping_for_update": null,
            "boot_disk": [
              {
                "auto_delete": true,
                "device_name": "fhmnj2b1mgkll2mjflkq",
                "disk_id": "fhmnj2b1mgkll2mjflkq",
                "initialize_params": [
                  {
                    "block_size": 4096,
                    "description": "",
                    "image_id": "fd8smb7fj0o91i68s15v",
                    "name": "",
                    "size": 5,
                    "snapshot_id": "",
                    "type": "network-hdd"
                  }
                ],
                "mode": "READ_WRITE"
              }
            ],
            "created_at": "2022-12-14T08:39:23Z",
            "description": "",
            "folder_id": "b1gehnpggs4n9n5qtf52",
            "fqdn": "fhmfv6n18s2tc1tbc2ik.auto.internal",
            "hostname": "",
            "id": "fhmfv6n18s2tc1tbc2ik",
            "labels": null,
            "local_disk": [],
            "metadata": {
              "user-data": "#cloud-config\r\nusers:\r\n    - name: prokm\r\n      groups: sudo\r\n      shell: /bin/bash\r\n      sudo: ['ALL=(ALL) NOPASSWD:ALL']\r\n      ssh_authorized_keys:\r\n        - ssh-ed25519 AAAAC3NzaC1lZDI1NTE5AAAAILi0nneJO6KTvLm/p+8tLCtsg6eoNO34VXv+EI/0+je3 prokm@Dk452"
            },
            "name": "gp-host2",
            "network_acceleration_type": "standard",
            "network_interface": [
              {
                "dns_record": [],
                "index": 0,
                "ip_address": "192.168.10.13",
                "ipv4": true,
                "ipv6": false,
                "ipv6_address": "",
                "ipv6_dns_record": [],
                "mac_address": "d0:0d:ff:9a:e1:47",
                "nat": false,
                "nat_dns_record": [],
                "nat_ip_address": "",
                "nat_ip_version": "",
                "security_group_ids": [],
                "subnet_id": "e9bob9p66p92oh9cha8j"
              }
            ],
            "placement_policy": [
              {
                "host_affinity_rules": [],
                "placement_group_id": ""
              }
            ],
            "platform_id": "standard-v1",
            "resources": [
              {
                "core_fraction": 100,
                "cores": 4,
                "gpus": 0,
                "memory": 4
              }
            ],
            "scheduling_policy": [
              {
                "preemptible": true
              }
            ],
            "secondary_disk": [],
            "service_account_id": "",
            "status": "running",
            "timeouts": null,
            "zone": "ru-central1-a"
          },
          "sensitive_attributes": [],
          "private": "eyJlMmJmYjczMC1lY2FhLTExZTYtOGY4OC0zNDM2M2JjN2M0YzAiOnsiY3JlYXRlIjozMDAwMDAwMDAwMDAsImRlbGV0ZSI6MzAwMDAwMDAwMDAwLCJ1cGRhdGUiOjMwMDAwMDAwMDAwMH0sInNjaGVtYV92ZXJzaW9uIjoiMSJ9",
          "dependencies": [
            "yandex_vpc_network.network-1",
            "yandex_vpc_subnet.subnet-1"
          ]
        }
      ]
    },
    {
      "mode": "managed",
      "type": "yandex_compute_instance",
      "name": "vm-main",
      "provider": "provider[\"registry.terraform.io/yandex-cloud/yandex\"]",
      "instances": [
        {
          "schema_version": 1,
          "attributes": {
            "allow_recreate": null,
            "allow_stopping_for_update": null,
            "boot_disk": [
              {
                "auto_delete": true,
                "device_name": "fhmq92c0a2iu7c6r9rmv",
                "disk_id": "fhmq92c0a2iu7c6r9rmv",
                "initialize_params": [
                  {
                    "block_size": 4096,
                    "description": "",
                    "image_id": "fd8smb7fj0o91i68s15v",
                    "name": "",
                    "size": 5,
                    "snapshot_id": "",
                    "type": "network-hdd"
                  }
                ],
                "mode": "READ_WRITE"
              }
            ],
            "created_at": "2022-12-14T08:39:23Z",
            "description": "",
            "folder_id": "b1gehnpggs4n9n5qtf52",
            "fqdn": "fhmebd76ch3pe1j754ms.auto.internal",
            "hostname": "",
            "id": "fhmebd76ch3pe1j754ms",
            "labels": null,
            "local_disk": [],
            "metadata": {
              "user-data": "#cloud-config\r\nusers:\r\n    - name: prokm\r\n      groups: sudo\r\n      shell: /bin/bash\r\n      sudo: ['ALL=(ALL) NOPASSWD:ALL']\r\n      ssh_authorized_keys:\r\n        - ssh-ed25519 AAAAC3NzaC1lZDI1NTE5AAAAILi0nneJO6KTvLm/p+8tLCtsg6eoNO34VXv+EI/0+je3 prokm@Dk452"
            },
            "name": "gp-main",
            "network_acceleration_type": "standard",
            "network_interface": [
              {
                "dns_record": [],
                "index": 0,
                "ip_address": "192.168.10.27",
                "ipv4": true,
                "ipv6": false,
                "ipv6_address": "",
                "ipv6_dns_record": [],
                "mac_address": "d0:0d:e5:b4:e6:64",
                "nat": true,
                "nat_dns_record": [],
                "nat_ip_address": "51.250.82.245",
                "nat_ip_version": "IPV4",
                "security_group_ids": [],
                "subnet_id": "e9bob9p66p92oh9cha8j"
              }
            ],
            "placement_policy": [
              {
                "host_affinity_rules": [],
                "placement_group_id": ""
              }
            ],
            "platform_id": "standard-v1",
            "resources": [
              {
                "core_fraction": 100,
                "cores": 4,
                "gpus": 0,
                "memory": 4
              }
            ],
            "scheduling_policy": [
              {
                "preemptible": true
              }
            ],
            "secondary_disk": [],
            "service_account_id": "",
            "status": "running",
            "timeouts": null,
            "zone": "ru-central1-a"
          },
          "sensitive_attributes": [],
          "private": "eyJlMmJmYjczMC1lY2FhLTExZTYtOGY4OC0zNDM2M2JjN2M0YzAiOnsiY3JlYXRlIjozMDAwMDAwMDAwMDAsImRlbGV0ZSI6MzAwMDAwMDAwMDAwLCJ1cGRhdGUiOjMwMDAwMDAwMDAwMH0sInNjaGVtYV92ZXJzaW9uIjoiMSJ9",
          "dependencies": [
            "yandex_vpc_network.network-1",
            "yandex_vpc_subnet.subnet-1"
          ]
        }
      ]
    },
    {
      "mode": "managed",
      "type": "yandex_vpc_network",
      "name": "network-1",
      "provider": "provider[\"registry.terraform.io/yandex-cloud/yandex\"]",
      "instances": [
        {
          "schema_version": 0,
          "attributes": {
            "created_at": "2022-12-14T08:29:00Z",
            "default_security_group_id": "",
            "description": "",
            "folder_id": "b1gehnpggs4n9n5qtf52",
            "id": "enpampfff42d17uac2ld",
            "labels": {},
            "name": "network1",
            "subnet_ids": [
              "e9bob9p66p92oh9cha8j"
            ],
            "timeouts": null
          },
          "sensitive_attributes": [],
          "private": "eyJlMmJmYjczMC1lY2FhLTExZTYtOGY4OC0zNDM2M2JjN2M0YzAiOnsiY3JlYXRlIjo2MDAwMDAwMDAwMCwiZGVsZXRlIjo2MDAwMDAwMDAwMCwidXBkYXRlIjo2MDAwMDAwMDAwMH19"
        }
      ]
    },
    {
      "mode": "managed",
      "type": "yandex_vpc_subnet",
      "name": "subnet-1",
      "provider": "provider[\"registry.terraform.io/yandex-cloud/yandex\"]",
      "instances": [
        {
          "schema_version": 0,
          "attributes": {
            "created_at": "2022-12-14T08:29:02Z",
            "description": "",
            "dhcp_options": [],
            "folder_id": "b1gehnpggs4n9n5qtf52",
            "id": "e9bob9p66p92oh9cha8j",
            "labels": {},
            "name": "subnet1",
            "network_id": "enpampfff42d17uac2ld",
            "route_table_id": "",
            "timeouts": null,
            "v4_cidr_blocks": [
              "192.168.10.0/24"
            ],
            "v6_cidr_blocks": [],
            "zone": "ru-central1-a"
          },
          "sensitive_attributes": [],
          "private": "eyJlMmJmYjczMC1lY2FhLTExZTYtOGY4OC0zNDM2M2JjN2M0YzAiOnsiY3JlYXRlIjoxODAwMDAwMDAwMDAsImRlbGV0ZSI6MTgwMDAwMDAwMDAwLCJ1cGRhdGUiOjE4MDAwMDAwMDAwMH19",
          "dependencies": [
            "yandex_vpc_network.network-1"
          ]
        }
      ]
    }
  ],
  "check_results": []
}
